// !$*UTF8*$!
{
	archiveVersion = 1;
	classes = {
	};
	objectVersion = 46;
	objects = {

/* Begin PBXBuildFile section */
		4E594F461C23DB730089509C /* main.m in Sources */ = {isa = PBXBuildFile; fileRef = 4E594F451C23DB730089509C /* main.m */; };
		4E594F491C23DB730089509C /* AppDelegate.m in Sources */ = {isa = PBXBuildFile; fileRef = 4E594F481C23DB730089509C /* AppDelegate.m */; };
		4E594F4C1C23DB730089509C /* ViewController.m in Sources */ = {isa = PBXBuildFile; fileRef = 4E594F4B1C23DB730089509C /* ViewController.m */; };
		4E594F4F1C23DB730089509C /* Main.storyboard in Resources */ = {isa = PBXBuildFile; fileRef = 4E594F4D1C23DB730089509C /* Main.storyboard */; };
		4E594F511C23DB730089509C /* Assets.xcassets in Resources */ = {isa = PBXBuildFile; fileRef = 4E594F501C23DB730089509C /* Assets.xcassets */; };
		4E594F541C23DB730089509C /* LaunchScreen.storyboard in Resources */ = {isa = PBXBuildFile; fileRef = 4E594F521C23DB730089509C /* LaunchScreen.storyboard */; };
		CFF1C4FEB5BBB9976A40C80D /* libPods.a in Frameworks */ = {isa = PBXBuildFile; fileRef = 8936E6F7421BD8B0C55B3A3E /* libPods.a */; };
/* End PBXBuildFile section */

/* Begin PBXFileReference section */
		1D310C992E320921FF57F2B8 /* Pods.release.xcconfig */ = {isa = PBXFileReference; includeInIndex = 1; lastKnownFileType = text.xcconfig; name = Pods.release.xcconfig; path = "Pods/Target Support Files/Pods/Pods.release.xcconfig"; sourceTree = "<group>"; };
		3737C19B968BBA7DE1D7E0FF /* Pods.debug.xcconfig */ = {isa = PBXFileReference; includeInIndex = 1; lastKnownFileType = text.xcconfig; name = Pods.debug.xcconfig; path = "Pods/Target Support Files/Pods/Pods.debug.xcconfig"; sourceTree = "<group>"; };
		4E594F411C23DB730089509C /* Cc_ToolProject.app */ = {isa = PBXFileReference; explicitFileType = wrapper.application; includeInIndex = 0; path = Cc_ToolProject.app; sourceTree = BUILT_PRODUCTS_DIR; };
		4E594F451C23DB730089509C /* main.m */ = {isa = PBXFileReference; lastKnownFileType = sourcecode.c.objc; path = main.m; sourceTree = "<group>"; };
		4E594F471C23DB730089509C /* AppDelegate.h */ = {isa = PBXFileReference; lastKnownFileType = sourcecode.c.h; path = AppDelegate.h; sourceTree = "<group>"; };
		4E594F481C23DB730089509C /* AppDelegate.m */ = {isa = PBXFileReference; lastKnownFileType = sourcecode.c.objc; path = AppDelegate.m; sourceTree = "<group>"; };
		4E594F4A1C23DB730089509C /* ViewController.h */ = {isa = PBXFileReference; lastKnownFileType = sourcecode.c.h; path = ViewController.h; sourceTree = "<group>"; };
		4E594F4B1C23DB730089509C /* ViewController.m */ = {isa = PBXFileReference; lastKnownFileType = sourcecode.c.objc; path = ViewController.m; sourceTree = "<group>"; };
		4E594F4E1C23DB730089509C /* Base */ = {isa = PBXFileReference; lastKnownFileType = file.storyboard; name = Base; path = Base.lproj/Main.storyboard; sourceTree = "<group>"; };
		4E594F501C23DB730089509C /* Assets.xcassets */ = {isa = PBXFileReference; lastKnownFileType = folder.assetcatalog; path = Assets.xcassets; sourceTree = "<group>"; };
		4E594F531C23DB730089509C /* Base */ = {isa = PBXFileReference; lastKnownFileType = file.storyboard; name = Base; path = Base.lproj/LaunchScreen.storyboard; sourceTree = "<group>"; };
		4E594F551C23DB730089509C /* Info.plist */ = {isa = PBXFileReference; lastKnownFileType = text.plist.xml; path = Info.plist; sourceTree = "<group>"; };
		8936E6F7421BD8B0C55B3A3E /* libPods.a */ = {isa = PBXFileReference; explicitFileType = archive.ar; includeInIndex = 0; path = libPods.a; sourceTree = BUILT_PRODUCTS_DIR; };
/* End PBXFileReference section */

/* Begin PBXFrameworksBuildPhase section */
		4E594F3E1C23DB730089509C /* Frameworks */ = {
			isa = PBXFrameworksBuildPhase;
			buildActionMask = 2147483647;
			files = (
				CFF1C4FEB5BBB9976A40C80D /* libPods.a in Frameworks */,
			);
			runOnlyForDeploymentPostprocessing = 0;
		};
/* End PBXFrameworksBuildPhase section */

/* Begin PBXGroup section */
		4E594F381C23DB730089509C = {
			isa = PBXGroup;
			children = (
				4E594F431C23DB730089509C /* Cc_ToolProject */,
				4E594F421C23DB730089509C /* Products */,
				AF2AB58E1A7F0D4E90095D20 /* Pods */,
				DD555D9B3E812853C2040B97 /* Frameworks */,
			);
			sourceTree = "<group>";
		};
		4E594F421C23DB730089509C /* Products */ = {
			isa = PBXGroup;
			children = (
				4E594F411C23DB730089509C /* Cc_ToolProject.app */,
			);
			name = Products;
			sourceTree = "<group>";
		};
		4E594F431C23DB730089509C /* Cc_ToolProject */ = {
			isa = PBXGroup;
			children = (
				4E594F471C23DB730089509C /* AppDelegate.h */,
				4E594F481C23DB730089509C /* AppDelegate.m */,
				4E594F4A1C23DB730089509C /* ViewController.h */,
				4E594F4B1C23DB730089509C /* ViewController.m */,
				4E594F4D1C23DB730089509C /* Main.storyboard */,
				4E594F501C23DB730089509C /* Assets.xcassets */,
				4E594F521C23DB730089509C /* LaunchScreen.storyboard */,
				4E594F551C23DB730089509C /* Info.plist */,
				4E594F441C23DB730089509C /* Supporting Files */,
			);
			path = Cc_ToolProject;
			sourceTree = "<group>";
		};
		4E594F441C23DB730089509C /* Supporting Files */ = {
			isa = PBXGroup;
			children = (
				4E594F451C23DB730089509C /* main.m */,
			);
			name = "Supporting Files";
			sourceTree = "<group>";
		};
		AF2AB58E1A7F0D4E90095D20 /* Pods */ = {
			isa = PBXGroup;
			children = (
				3737C19B968BBA7DE1D7E0FF /* Pods.debug.xcconfig */,
				1D310C992E320921FF57F2B8 /* Pods.release.xcconfig */,
			);
			name = Pods;
			sourceTree = "<group>";
		};
		DD555D9B3E812853C2040B97 /* Frameworks */ = {
			isa = PBXGroup;
			children = (
				8936E6F7421BD8B0C55B3A3E /* libPods.a */,
			);
			name = Frameworks;
			sourceTree = "<group>";
		};
/* End PBXGroup section */

/* Begin PBXNativeTarget section */
		4E594F401C23DB730089509C /* Cc_ToolProject */ = {
			isa = PBXNativeTarget;
			buildConfigurationList = 4E594F581C23DB730089509C /* Build configuration list for PBXNativeTarget "Cc_ToolProject" */;
			buildPhases = (
				D5FF03CF990712FC77FA4220 /* Check Pods Manifest.lock */,
				4E594F3D1C23DB730089509C /* Sources */,
				4E594F3E1C23DB730089509C /* Frameworks */,
				4E594F3F1C23DB730089509C /* Resources */,
				50AC927B4CF86A0FBA214AC5 /* Embed Pods Frameworks */,
				D7A18CCB5991E85780F3A0E2 /* Copy Pods Resources */,
			);
			buildRules = (
			);
			dependencies = (
			);
			name = Cc_ToolProject;
			productName = Cc_ToolProject;
			productReference = 4E594F411C23DB730089509C /* Cc_ToolProject.app */;
			productType = "com.apple.product-type.application";
		};
/* End PBXNativeTarget section */

/* Begin PBXProject section */
		4E594F391C23DB730089509C /* Project object */ = {
			isa = PBXProject;
			attributes = {
				LastUpgradeCheck = 0720;
				ORGANIZATIONNAME = cchuan;
				TargetAttributes = {
					4E594F401C23DB730089509C = {
						CreatedOnToolsVersion = 7.2;
					};
				};
			};
			buildConfigurationList = 4E594F3C1C23DB730089509C /* Build configuration list for PBXProject "Cc_ToolProject" */;
			compatibilityVersion = "Xcode 3.2";
			developmentRegion = English;
			hasScannedForEncodings = 0;
			knownRegions = (
				en,
				Base,
			);
			mainGroup = 4E594F381C23DB730089509C;
			productRefGroup = 4E594F421C23DB730089509C /* Products */;
			projectDirPath = "";
			projectRoot = "";
			targets = (
				4E594F401C23DB730089509C /* Cc_ToolProject */,
			);
		};
/* End PBXProject section */

/* Begin PBXResourcesBuildPhase section */
		4E594F3F1C23DB730089509C /* Resources */ = {
			isa = PBXResourcesBuildPhase;
			buildActionMask = 2147483647;
			files = (
				4E594F541C23DB730089509C /* LaunchScreen.storyboard in Resources */,
				4E594F511C23DB730089509C /* Assets.xcassets in Resources */,
				4E594F4F1C23DB730089509C /* Main.storyboard in Resources */,
			);
			runOnlyForDeploymentPostprocessing = 0;
		};
/* End PBXResourcesBuildPhase section */

/* Begin PBXShellScriptBuildPhase section */
		50AC927B4CF86A0FBA214AC5 /* Embed Pods Frameworks */ = {
			isa = PBXShellScriptBuildPhase;
			buildActionMask = 2147483647;
			files = (
			);
			inputPaths = (
			);
			name = "Embed Pods Frameworks";
			outputPaths = (
			);
			runOnlyForDeploymentPostprocessing = 0;
			shellPath = /bin/sh;
			shellScript = "\"${SRCROOT}/Pods/Target Support Files/Pods/Pods-frameworks.sh\"\n";
			showEnvVarsInLog = 0;
		};
		D5FF03CF990712FC77FA4220 /* Check Pods Manifest.lock */ = {
			isa = PBXShellScriptBuildPhase;
			buildActionMask = 2147483647;
			files = (
			);
			inputPaths = (
			);
			name = "Check Pods Manifest.lock";
			outputPaths = (
			);
			runOnlyForDeploymentPostprocessing = 0;
			shellPath = /bin/sh;
			shellScript = "diff \"${PODS_ROOT}/../Podfile.lock\" \"${PODS_ROOT}/Manifest.lock\" > /dev/null\nif [[ $? != 0 ]] ; then\n    cat << EOM\nerror: The sandbox is not in sync with the Podfile.lock. Run 'pod install' or update your CocoaPods installation.\nEOM\n    exit 1\nfi\n";
			showEnvVarsInLog = 0;
		};
		D7A18CCB5991E85780F3A0E2 /* Copy Pods Resources */ = {
			isa = PBXShellScriptBuildPhase;
			buildActionMask = 2147483647;
			files = (
			);
			inputPaths = (
			);
			name = "Copy Pods Resources";
			outputPaths = (
			);
			runOnlyForDeploymentPostprocessing = 0;
			shellPath = /bin/sh;
			shellScript = "\"${SRCROOT}/Pods/Target Support Files/Pods/Pods-resources.sh\"\n";
			showEnvVarsInLog = 0;
		};
/* End PBXShellScriptBuildPhase section */

/* Begin PBXSourcesBuildPhase section */
		4E594F3D1C23DB730089509C /* Sources */ = {
			isa = PBXSourcesBuildPhase;
			buildActionMask = 2147483647;
			files = (
				4E594F4C1C23DB730089509C /* ViewController.m in Sources */,
				4E594F491C23DB730089509C /* AppDelegate.m in Sources */,
				4E594F461C23DB730089509C /* main.m in Sources */,
			);
			runOnlyForDeploymentPostprocessing = 0;
		};
/* End PBXSourcesBuildPhase section */

/* Begin PBXVariantGroup section */
		4E594F4D1C23DB730089509C /* Main.storyboard */ = {
			isa = PBXVariantGroup;
			children = (
				4E594F4E1C23DB730089509C /* Base */,
			);
			name = Main.storyboard;
			sourceTree = "<group>";
		};
		4E594F521C23DB730089509C /* LaunchScreen.storyboard */ = {
			isa = PBXVariantGroup;
			children = (
				4E594F531C23DB730089509C /* Base */,
			);
			name = LaunchScreen.storyboard;
			sourceTree = "<group>";
		};
/* End PBXVariantGroup section */

/* Begin XCBuildConfiguration section */
		4E594F561C23DB730089509C /* Debug */ = {
			isa = XCBuildConfiguration;
			buildSettings = {
				ALWAYS_SEARCH_USER_PATHS = NO;
				CLANG_CXX_LANGUAGE_STANDARD = "gnu++0x";
				CLANG_CXX_LIBRARY = "libc++";
				CLANG_ENABLE_MODULES = YES;
				CLANG_ENABLE_OBJC_ARC = YES;
				CLANG_WARN_BOOL_CONVERSION = YES;
				CLANG_WARN_CONSTANT_CONVERSION = YES;
				CLANG_WARN_DIRECT_OBJC_ISA_USAGE = YES_ERROR;
				CLANG_WARN_EMPTY_BODY = YES;
				CLANG_WARN_ENUM_CONVERSION = YES;
				CLANG_WARN_INT_CONVERSION = YES;
				CLANG_WARN_OBJC_ROOT_CLASS = YES_ERROR;
				CLANG_WARN_UNREACHABLE_CODE = YES;
				CLANG_WARN__DUPLICATE_METHOD_MATCH = YES;
				"CODE_SIGN_IDENTITY[sdk=iphoneos*]" = "iPhone Developer";
				COPY_PHASE_STRIP = NO;
				DEBUG_INFORMATION_FORMAT = dwarf;
				ENABLE_STRICT_OBJC_MSGSEND = YES;
				ENABLE_TESTABILITY = YES;
				GCC_C_LANGUAGE_STANDARD = gnu99;
				GCC_DYNAMIC_NO_PIC = NO;
				GCC_NO_COMMON_BLOCKS = YES;
				GCC_OPTIMIZATION_LEVEL = 0;
				GCC_PREPROCESSOR_DEFINITIONS = (
					"DEBUG=1",
					"$(inherited)",
				);
				GCC_WARN_64_TO_32_BIT_CONVERSION = YES;
				GCC_WARN_ABOUT_RETURN_TYPE = YES_ERROR;
				GCC_WARN_UNDECLARED_SELECTOR = YES;
				GCC_WARN_UNINITIALIZED_AUTOS = YES_AGGRESSIVE;
				GCC_WARN_UNUSED_FUNCTION = YES;
				GCC_WARN_UNUSED_VARIABLE = YES;
				IPHONEOS_DEPLOYMENT_TARGET = 9.2;
				MTL_ENABLE_DEBUG_INFO = YES;
				ONLY_ACTIVE_ARCH = YES;
				SDKROOT = iphoneos;
				TARGETED_DEVICE_FAMILY = "1,2";
			};
			name = Debug;
		};
		4E594F571C23DB730089509C /* Release */ = {
			isa = XCBuildConfiguration;
			buildSettings = {
				ALWAYS_SEARCH_USER_PATHS = NO;
				CLANG_CXX_LANGUAGE_STANDARD = "gnu++0x";
				CLANG_CXX_LIBRARY = "libc++";
				CLANG_ENABLE_MODULES = YES;
				CLANG_ENABLE_OBJC_ARC = YES;
				CLANG_WARN_BOOL_CONVERSION = YES;
				CLANG_WARN_CONSTANT_CONVERSION = YES;
				CLANG_WARN_DIRECT_OBJC_ISA_USAGE = YES_ERROR;
				CLANG_WARN_EMPTY_BODY = YES;
				CLANG_WARN_ENUM_CONVERSION = YES;
				CLANG_WARN_INT_CONVERSION = YES;
				CLANG_WARN_OBJC_ROOT_CLASS = YES_ERROR;
				CLANG_WARN_UNREACHABLE_CODE = YES;
				CLANG_WARN__DUPLICATE_METHOD_MATCH = YES;
				"CODE_SIGN_IDENTITY[sdk=iphoneos*]" = "iPhone Developer";
				COPY_PHASE_STRIP = NO;
				DEBUG_INFORMATION_FORMAT = "dwarf-with-dsym";
				ENABLE_NS_ASSERTIONS = NO;
				ENABLE_STRICT_OBJC_MSGSEND = YES;
				GCC_C_LANGUAGE_STANDARD = gnu99;
				GCC_NO_COMMON_BLOCKS = YES;
				GCC_WARN_64_TO_32_BIT_CONVERSION = YES;
				GCC_WARN_ABOUT_RETURN_TYPE = YES_ERROR;
				GCC_WARN_UNDECLARED_SELECTOR = YES;
				GCC_WARN_UNINITIALIZED_AUTOS = YES_AGGRESSIVE;
				GCC_WARN_UNUSED_FUNCTION = YES;
				GCC_WARN_UNUSED_VARIABLE = YES;
				IPHONEOS_DEPLOYMENT_TARGET = 9.2;
				MTL_ENABLE_DEBUG_INFO = NO;
				SDKROOT = iphoneos;
				TARGETED_DEVICE_FAMILY = "1,2";
				VALIDATE_PRODUCT = YES;
			};
			name = Release;
		};
		4E594F591C23DB730089509C /* Debug */ = {
			isa = XCBuildConfiguration;
			baseConfigurationReference = 3737C19B968BBA7DE1D7E0FF /* Pods.debug.xcconfig */;
			buildSettings = {
				ASSETCATALOG_COMPILER_APPICON_NAME = AppIcon;
				INFOPLIST_FILE = Cc_ToolProject/Info.plist;
				LD_RUNPATH_SEARCH_PATHS = "$(inherited) @executable_path/Frameworks";
				PRODUCT_BUNDLE_IDENTIFIER = "cchuan.Cc-ToolProject";
				PRODUCT_NAME = "$(TARGET_NAME)";
			};
			name = Debug;
		};
		4E594F5A1C23DB730089509C /* Release */ = {
			isa = XCBuildConfiguration;
			baseConfigurationReference = 1D310C992E320921FF57F2B8 /* Pods.release.xcconfig */;
			buildSettings = {
				ASSETCATALOG_COMPILER_APPICON_NAME = AppIcon;
				INFOPLIST_FILE = Cc_ToolProject/Info.plist;
				LD_RUNPATH_SEARCH_PATHS = "$(inherited) @executable_path/Frameworks";
				PRODUCT_BUNDLE_IDENTIFIER = "cchuan.Cc-ToolProject";
				PRODUCT_NAME = "$(TARGET_NAME)";
			};
			name = Release;
		};
/* End XCBuildConfiguration section */

/* Begin XCConfigurationList section */
		4E594F3C1C23DB730089509C /* Build configuration list for PBXProject "Cc_ToolProject" */ = {
			isa = XCConfigurationList;
			buildConfigurations = (
				4E594F561C23DB730089509C /* Debug */,
				4E594F571C23DB730089509C /* Release */,
			);
			defaultConfigurationIsVisible = 0;
			defaultConfigurationName = Release;
		};
		4E594F581C23DB730089509C /* Build configuration list for PBXNativeTarget "Cc_ToolProject" */ = {
			isa = XCConfigurationList;
			buildConfigurations = (
				4E594F591C23DB730089509C /* Debug */,
				4E594F5A1C23DB730089509C /* Release */,
			);
			defaultConfigurationIsVisible = 0;
			defaultConfigurationName = Release;
		};
/* End XCConfigurationList section */
	};
	rootObject = 4E594F391C23DB730089509C /* Project object */;
}
